
Microsoft Visual Studio Solution File, Format Version 12.00
# Visual Studio Version 16
VisualStudioVersion = 16.0.31911.196
MinimumVisualStudioVersion = 10.0.40219.1
Project("{FAE04EC0-301F-11D3-BF4B-00C04F79EFBC}") = "SplashScreen.Android", "SplashScreen\SplashScreen.Android\SplashScreen.Android.csproj", "{524D5B33-7EE3-4FC9-9B5A-C6717B6E15A5}"
EndProject
Project("{FAE04EC0-301F-11D3-BF4B-00C04F79EFBC}") = "SplashScreen", "SplashScreen\SplashScreen\SplashScreen.csproj", "{9DE6C5C7-07C5-4403-8947-325634079214}"
EndProject
Global
	GlobalSection(SolutionConfigurationPlatforms) = preSolution
		Debug|Any CPU = Debug|Any CPU
		Release|Any CPU = Release|Any CPU
	EndGlobalSection
	GlobalSection(ProjectConfigurationPlatforms) = postSolution
		{524D5B33-7EE3-4FC9-9B5A-C6717B6E15A5}.Debug|Any CPU.ActiveCfg = Debug|Any CPU
		{524D5B33-7EE3-4FC9-9B5A-C6717B6E15A5}.Debug|Any CPU.Build.0 = Debug|Any CPU
		{524D5B33-7EE3-4FC9-9B5A-C6717B6E15A5}.Debug|Any CPU.Deploy.0 = Debug|Any CPU
		{524D5B33-7EE3-4FC9-9B5A-C6717B6E15A5}.Release|Any CPU.ActiveCfg = Release|Any CPU
		{524D5B33-7EE3-4FC9-9B5A-C6717B6E15A5}.Release|Any CPU.Build.0 = Release|Any CPU
		{524D5B33-7EE3-4FC9-9B5A-C6717B6E15A5}.Release|Any CPU.Deploy.0 = Release|Any CPU
		{9DE6C5C7-07C5-4403-8947-325634079214}.Debug|Any CPU.ActiveCfg = Debug|Any CPU
		{9DE6C5C7-07C5-4403-8947-325634079214}.Debug|Any CPU.Build.0 = Debug|Any CPU
		{9DE6C5C7-07C5-4403-8947-325634079214}.Debug|Any CPU.Deploy.0 = Debug|Any CPU
		{9DE6C5C7-07C5-4403-8947-325634079214}.Release|Any CPU.ActiveCfg = Release|Any CPU
		{9DE6C5C7-07C5-4403-8947-325634079214}.Release|Any CPU.Build.0 = Release|Any CPU
		{9DE6C5C7-07C5-4403-8947-325634079214}.Release|Any CPU.Deploy.0 = Release|Any CPU
	EndGlobalSection
	GlobalSection(SolutionProperties) = preSolution
		HideSolutionNode = FALSE
	EndGlobalSection
	GlobalSection(ExtensibilityGlobals) = postSolution
		SolutionGuid = {FB3AA921-6874-4B36-B77F-9BB55502E25E}
	EndGlobalSection
EndGlobal
